
Microsoft Visual Studio Solution File, Format Version 12.00
# Visual Studio Version 16
VisualStudioVersion = 16.0.31005.135
MinimumVisualStudioVersion = 10.0.40219.1
Project("{FAE04EC0-301F-11D3-BF4B-00C04F79EFBC}") = "Maze Game", "Maze Game\Maze Game.csproj", "{4C47BC86-2205-4916-BE9C-94E22D8D943A}"
EndProject
Global
	GlobalSection(SolutionConfigurationPlatforms) = preSolution
		Debug|Any CPU = Debug|Any CPU
		Release|Any CPU = Release|Any CPU
	EndGlobalSection
	GlobalSection(ProjectConfigurationPlatforms) = postSolution
		{4C47BC86-2205-4916-BE9C-94E22D8D943A}.Debug|Any CPU.ActiveCfg = Debug|Any CPU
		{4C47BC86-2205-4916-BE9C-94E22D8D943A}.Debug|Any CPU.Build.0 = Debug|Any CPU
		{4C47BC86-2205-4916-BE9C-94E22D8D943A}.Release|Any CPU.ActiveCfg = Release|Any CPU
		{4C47BC86-2205-4916-BE9C-94E22D8D943A}.Release|Any CPU.Build.0 = Release|Any CPU
	EndGlobalSection
	GlobalSection(SolutionProperties) = preSolution
		HideSolutionNode = FALSE
	EndGlobalSection
	GlobalSection(ExtensibilityGlobals) = postSolution
		SolutionGuid = {27F0973E-3BEA-498D-82AA-B461A48CC562}
	EndGlobalSection
EndGlobal
